{
  "name": "refined-github-safari",
  "version": "1.0.0",
  "lockfileVersion": 1,
  "requires": true,
  "dependencies": {
    "commander": {
      "version": "2.15.1",
      "resolved": "https://registry.npmjs.org/commander/-/commander-2.15.1.tgz",
      "integrity": "sha512-VlfT9F3V0v+jr4yxPc5gg9s62/fIVWsd2Bk2iD435um1NlGMYdVCq+MjcXnhYq2icNOizHr1kK+5TI6H0Hy0ag==",
      "dev": true
    },
    "ctype": {
      "version": "0.5.5",
      "resolved": "https://registry.npmjs.org/ctype/-/ctype-0.5.5.tgz",
      "integrity": "sha1-nzjF4eiYQOsfWXKQ0SKuKXJqVvs=",
      "dev": true
    },
    "intersection-observer": {
      "version": "0.5.0",
      "resolved": "https://registry.npmjs.org/intersection-observer/-/intersection-observer-0.5.0.tgz",
      "integrity": "sha512-8Zgt4ijlyvIrQVTA7MPb2W9+KhoetrAbxlh0RmTGxpx0+ZsAXvy7IsbNnZIrqZ6TddAdWeQj49x7Ph7Ir6KRkA=="
    },
    "pako": {
      "version": "0.2.9",
      "resolved": "https://registry.npmjs.org/pako/-/pako-0.2.9.tgz",
      "integrity": "sha1-8/dSL073gjSNqBYbrZ7P1Rv4OnU=",
      "dev": true
    },
    "q": {
      "version": "1.5.1",
      "resolved": "https://registry.npmjs.org/q/-/q-1.5.1.tgz",
      "integrity": "sha1-fjL3W0E4EpHQRhHxvxQQmsAGUdc=",
      "dev": true
    },
    "sax": {
      "version": "1.2.4",
      "resolved": "https://registry.npmjs.org/sax/-/sax-1.2.4.tgz",
      "integrity": "sha512-NqVDv9TpANUjFm0N8uM5GxL36UgKi9/atZw+x7YFnQ8ckwFGKrl4xX4yWtrey3UJm5nP1kUbnYgLopqWNSRhWw==",
      "dev": true
    },
    "walkdir": {
      "version": "0.0.10",
      "resolved": "https://registry.npmjs.org/walkdir/-/walkdir-0.0.10.tgz",
      "integrity": "sha1-NgN8q2Y7XhwBZgB7X3uRizJ5pU8=",
      "dev": true
    },
    "xar-js": {
      "version": "0.2.0",
      "resolved": "https://registry.npmjs.org/xar-js/-/xar-js-0.2.0.tgz",
      "integrity": "sha1-1FNmIYSOFEiXu11MoscpkLNdBT8=",
      "dev": true,
      "requires": {
        "commander": "2.15.1",
        "ctype": "0.5.5",
        "pako": "0.2.9",
        "q": "1.5.1",
        "walkdir": "0.0.10",
        "xml": "1.0.1",
        "xml2js": "0.4.19"
      }
    },
    "xml": {
      "version": "1.0.1",
      "resolved": "https://registry.npmjs.org/xml/-/xml-1.0.1.tgz",
      "integrity": "sha1-eLpyAgApxbyHuKgaPPzXS0ovweU=",
      "dev": true
    },
    "xml2js": {
      "version": "0.4.19",
      "resolved": "https://registry.npmjs.org/xml2js/-/xml2js-0.4.19.tgz",
      "integrity": "sha512-esZnJZJOiJR9wWKMyuvSE1y6Dq5LCuJanqhxslH2bxM6duahNZ+HMpCLhBQGZkbX6xRf8x1Y2eJlgt2q3qo49Q==",
      "dev": true,
      "requires": {
        "sax": "1.2.4",
        "xmlbuilder": "9.0.7"
      }
    },
    "xmlbuilder": {
      "version": "9.0.7",
      "resolved": "https://registry.npmjs.org/xmlbuilder/-/xmlbuilder-9.0.7.tgz",
      "integrity": "sha1-Ey7mPS7FVlxVfiD0wi35rKaGsQ0=",
      "dev": true
    }
  }
}
